{
  "name": "spare-notify-backend",
  "version": "1.0.0",
  "lockfileVersion": 3,
  "requires": true,
  "packages": {
    "": {
      "name": "spare-notify-backend",
      "version": "1.0.0",
      "dependencies": {
        "encore.dev": "^1.57.4"
      }
    },
    "node_modules/encore.dev": {
      "version": "1.57.4",
      "resolved": "https://registry.npmjs.org/encore.dev/-/encore.dev-1.57.4.tgz",
      "integrity": "sha512-VwoCxxUXS40tnoKWTglApHQlhtgTI6oQ7DXNWTFRI7wcZvNiqMEgMOnDFp8Go9Gj6w+V8mpaO0FTrGr47qHi7Q==",
      "license": "MPL-2.0",
      "engines": {
        "node": ">=18.0.0"
      }
    }
  }
}
